
Microsoft Visual Studio Solution File, Format Version 12.00
# Visual Studio 15
VisualStudioVersion = 15.0.27703.2035
MinimumVisualStudioVersion = 10.0.40219.1
Project("{FAE04EC0-301F-11D3-BF4B-00C04F79EFBC}") = "SNAKE XENZIA", "SNAKE XENZIA\SNAKE XENZIA.csproj", "{0A9F36BD-15E6-4630-B350-A58E2A3624B2}"
EndProject
Global
	GlobalSection(SolutionConfigurationPlatforms) = preSolution
		Debug|Any CPU = Debug|Any CPU
		Release|Any CPU = Release|Any CPU
	EndGlobalSection
	GlobalSection(ProjectConfigurationPlatforms) = postSolution
		{0A9F36BD-15E6-4630-B350-A58E2A3624B2}.Debug|Any CPU.ActiveCfg = Debug|Any CPU
		{0A9F36BD-15E6-4630-B350-A58E2A3624B2}.Debug|Any CPU.Build.0 = Debug|Any CPU
		{0A9F36BD-15E6-4630-B350-A58E2A3624B2}.Release|Any CPU.ActiveCfg = Release|Any CPU
		{0A9F36BD-15E6-4630-B350-A58E2A3624B2}.Release|Any CPU.Build.0 = Release|Any CPU
	EndGlobalSection
	GlobalSection(SolutionProperties) = preSolution
		HideSolutionNode = FALSE
	EndGlobalSection
	GlobalSection(ExtensibilityGlobals) = postSolution
		SolutionGuid = {37099D5C-290D-4C97-AFEF-FD1AA377BCB0}
	EndGlobalSection
EndGlobal
